<?xml version="1.0" encoding="utf-8"?>
<Project ToolsVersion="4.0" xmlns="http://schemas.microsoft.com/developer/msbuild/2003">
  <ItemGroup>
    <Filter Include="src">
      <UniqueIdentifier>{65525521-A8F6-45C0-B40E-8D6730FEBA0F}</UniqueIdentifier>
    </Filter>
    <Filter Include="src\app">
      <UniqueIdentifier>{7364DA00-1A9B-48A5-A762-EBD3BE99D251}</UniqueIdentifier>
    </Filter>
    <Filter Include="src\ecs">
      <UniqueIdentifier>{6505DFD2-E336-4D26-BC48-5E3DF984B92E}</UniqueIdentifier>
    </Filter>
    <Filter Include="src\graphics">
      <UniqueIdentifier>{C07D6197-2216-4854-8353-094ABB23BC3C}</UniqueIdentifier>
    </Filter>
    <Filter Include="src\input">
      <UniqueIdentifier>{FED9729C-D157-41A5-82B0-A5DE6EE673F6}</UniqueIdentifier>
    </Filter>
    <Filter Include="include">
      <UniqueIdentifier>{252D46D3-FBF3-4C03-84D8-43E499D1C310}</UniqueIdentifier>
    </Filter>
    <Filter Include="include\animation">
      <UniqueIdentifier>{333F7FFC-8362-4FDA-8357-7366F19FD7EF}</UniqueIdentifier>
    </Filter>
    <Filter Include="include\app">
      <UniqueIdentifier>{5811D0D5-A29D-4859-9F7A-2C83B4AE4937}</UniqueIdentifier>
    </Filter>
    <Filter Include="include\components">
      <UniqueIdentifier>{CEB7E3FF-7F82-4B46-A7AD-30D96D95BA09}</UniqueIdentifier>
    </Filter>
    <Filter Include="include\ecs">
      <UniqueIdentifier>{2BB76247-4C1A-4130-AD8E-7F9028ACBD3E}</UniqueIdentifier>
    </Filter>
    <Filter Include="include\gameplay">
      <UniqueIdentifier>{C1B91AC4-3C5D-48F6-B21F-1B422A1EE8A1}</UniqueIdentifier>
    </Filter>
    <Filter Include="include\graphics">
      <UniqueIdentifier>{238ED95F-E64E-4BE4-B6E1-2426BDC9CB86}</UniqueIdentifier>
    </Filter>
    <Filter Include="include\input">
      <UniqueIdentifier>{DEEFE83A-C540-4ABC-91FD-39588A624D1D}</UniqueIdentifier>
    </Filter>
    <Filter Include="include\samples">
      <UniqueIdentifier>{26D0D560-C0DF-4BF5-A073-FBAE269E0254}</UniqueIdentifier>
    </Filter>
    <Filter Include="include\scenes">
      <UniqueIdentifier>{D565A572-0FDB-4A8D-A366-5816276B79E7}</UniqueIdentifier>
    </Filter>
    <Filter Include="include\systems">
      <UniqueIdentifier>{73741B83-FE7F-4637-B2FB-B878EF17C496}</UniqueIdentifier>
    </Filter>
    <Filter Include="include\util">
      <UniqueIdentifier>{C705CD4D-1D75-42F8-B82E-792C6B10A50D}</UniqueIdentifier>
    </Filter>
    <Filter Include="Assets">
      <UniqueIdentifier>{FE50B233-12C9-44C5-A775-8A3F385FC4F7}</UniqueIdentifier>
    </Filter>
    <Filter Include="Assets\Textures">
      <UniqueIdentifier>{0F6B2E0C-6D02-4D6A-B0B5-88456C1B1524}</UniqueIdentifier>
    </Filter>
    <Filter Include="docs">
      <UniqueIdentifier>{EEBE144A-77CA-4F22-B72D-A4A4F1B12669}</UniqueIdentifier>
    </Filter>
    <Filter Include=".github">
      <UniqueIdentifier>{E3DDF91A-E67C-42BA-AEDD-39008207D783}</UniqueIdentifier>
    </Filter>
    <Filter Include=".github\ISSUE_TEMPLATE">
      <UniqueIdentifier>{52D022F4-BD9F-4C2E-9CF7-1FB2442D2CB1}</UniqueIdentifier>
    </Filter>
    <Filter Include=".github\workflows">
      <UniqueIdentifier>{C4B83561-B782-45B8-BD9E-5E5CFDFEEA68}</UniqueIdentifier>
    </Filter>
    <Filter Include=".github\scripts">
      <UniqueIdentifier>{B8A2DF65-8B86-4A5B-8909-0A18E52871E9}</UniqueIdentifier>
    </Filter>
    <Filter Include="x64">
      <UniqueIdentifier>{A3ED2A7F-4EF0-47F0-AEE7-784CA7F6E89A}</UniqueIdentifier>
    </Filter>
    <Filter Include="x64\Debug">
      <UniqueIdentifier>{FBADB094-13CB-4734-8B7D-415CDDEA0286}</UniqueIdentifier>
    </Filter>
    <Filter Include="src\components">
      <UniqueIdentifier>{57a46a21-f980-4759-8996-2ff09f74a300}</UniqueIdentifier>
    </Filter>
  </ItemGroup>
  <ItemGroup>
    <ClCompile Include="src\app\ResourceManager.cpp">
      <Filter>src\app</Filter>
    </ClCompile>
    <ClCompile Include="src\ecs\World.cpp">
      <Filter>src\ecs</Filter>
    </ClCompile>
    <ClCompile Include="src\graphics\ModelLoader.cpp">
      <Filter>src\graphics</Filter>
    </ClCompile>
    <ClCompile Include="src\input\GamepadSystem.cpp">
      <Filter>src\input</Filter>
    </ClCompile>
    <ClCompile Include="src\main.cpp">
      <Filter>src</Filter>
    </ClCompile>
    <ClCompile Include="src\pch.cpp">
      <Filter>src</Filter>
    </ClCompile>
    <ClCompile Include="src\components\Collision.cpp">
      <Filter>src\components</Filter>
    </ClCompile>
    <ClCompile Include="src\graphics\TextSystem.cpp">
      <Filter>src\app</Filter>
    </ClCompile>
  </ItemGroup>
  <ItemGroup>
    <ClInclude Include="include\animation\Animation.h">
      <Filter>include\animation</Filter>
    </ClInclude>
    <ClInclude Include="include\app\ResourceManager.h">
      <Filter>include\app</Filter>
    </ClInclude>
    <ClInclude Include="include\app\ServiceLocator.h">
      <Filter>include\app</Filter>
    </ClInclude>
    <ClInclude Include="include\app\App.h">
      <Filter>include\app</Filter>
    </ClInclude>
    <ClInclude Include="include\app\DebugLog.h">
      <Filter>include\app</Filter>
    </ClInclude>
    <ClInclude Include="include\components\PlayerComponents.h">
      <Filter>include\components</Filter>
    </ClInclude>
    <ClInclude Include="include\ecs\World.h">
      <Filter>include\ecs</Filter>
    </ClInclude>
    <ClInclude Include="include\gameplay\EnemySpawner.h">
      <Filter>include\gameplay</Filter>
    </ClInclude>
    <ClInclude Include="include\graphics\Camera.h">
      <Filter>include\graphics</Filter>
    </ClInclude>
    <ClInclude Include="include\components\Component.h">
      <Filter>include\components</Filter>
    </ClInclude>
    <ClInclude Include="include\graphics\RenderSystem.h">
      <Filter>include\graphics</Filter>
    </ClInclude>
    <ClInclude Include="include\input\GamepadSystem.h">
      <Filter>include\input</Filter>
    </ClInclude>
    <ClInclude Include="include\pch.h">
      <Filter>include</Filter>
    </ClInclude>
    <ClInclude Include="include\samples\ComponentSamples.h">
      <Filter>include\samples</Filter>
    </ClInclude>
    <ClInclude Include="include\graphics\DebugDraw.h">
      <Filter>include\graphics</Filter>
    </ClInclude>
    <ClInclude Include="include\ecs\Entity.h">
      <Filter>include\ecs</Filter>
    </ClInclude>
    <ClInclude Include="include\graphics\GfxDevice.h">
      <Filter>include\graphics</Filter>
    </ClInclude>
    <ClInclude Include="include\input\InputSystem.h">
      <Filter>include\input</Filter>
    </ClInclude>
    <ClInclude Include="include\components\Model.h">
      <Filter>include\components</Filter>
    </ClInclude>
    <ClInclude Include="include\components\Light.h">
      <Filter>include\components</Filter>
    </ClInclude>
    <ClInclude Include="include\components\MeshRenderer.h">
      <Filter>include\components</Filter>
    </ClInclude>
    <ClInclude Include="include\components\ModelComponent.h">
      <Filter>include\components</Filter>
    </ClInclude>
    <ClInclude Include="include\graphics\ModelLoader.h">
      <Filter>include\graphics</Filter>
    </ClInclude>
    <ClInclude Include="include\samples\GamepadSample.h">
      <Filter>include\samples</Filter>
    </ClInclude>
    <ClInclude Include="include\systems\ModelLoadingSystem.h">
      <Filter>include\systems</Filter>
    </ClInclude>
    <ClInclude Include="include\samples\WorldImprovementDemo.h">
      <Filter>include\samples</Filter>
    </ClInclude>
    <ClInclude Include="include\scenes\Game.h">
      <Filter>include\scenes</Filter>
    </ClInclude>
    <ClInclude Include="include\components\Rotator.h">
      <Filter>include\components</Filter>
    </ClInclude>
    <ClInclude Include="include\scenes\SceneManager.h">
      <Filter>include\scenes</Filter>
    </ClInclude>
    <ClInclude Include="include\graphics\TextureManager.h">
      <Filter>include\graphics</Filter>
    </ClInclude>
    <ClInclude Include="include\components\Transform.h">
      <Filter>include\components</Filter>
    </ClInclude>
    <ClInclude Include="include\graphics\VideoPlayer.h">
      <Filter>include\graphics</Filter>
    </ClInclude>
    <ClInclude Include="include\scenes\Tags.h">
      <Filter>include\scenes</Filter>
    </ClInclude>
    <ClInclude Include="include\util\Random.h">
      <Filter>include\util</Filter>
    </ClInclude>
    <ClInclude Include="include\components\Collision.h">
      <Filter>include\components</Filter>
    </ClInclude>
    <ClInclude Include="include\samples\CollisionSamples.h">
      <Filter>docs</Filter>
    </ClInclude>
    <ClInclude Include="include\samples\CollisionEventSamples.h">
      <Filter>docs</Filter>
    </ClInclude>
    <ClInclude Include="include\systems\UISystem.h">
      <Filter>include\systems</Filter>
    </ClInclude>
    <ClInclude Include="include\components\UIComponents.h">
      <Filter>include\components</Filter>
    </ClInclude>
    <ClInclude Include="include\graphics\TextSystem.h">
      <Filter>include\graphics</Filter>
    </ClInclude>
    <ClInclude Include="include\scenes\SenesUIController.h">
      <Filter>include\scenes</Filter>
    </ClInclude>
    <ClInclude Include="MouseCoordinate.h">
      <Filter>include\input</Filter>
    </ClInclude>
    <ClInclude Include="include\components\GameStats.h">
      <Filter>include\scenes</Filter>
    </ClInclude>
    <ClInclude Include="Hp.h">
      <Filter>include\components</Filter>
    </ClInclude>
    <ClInclude Include="include\components\TransformHierarchy.h">
      <Filter>include\components</Filter>
    </ClInclude>
    <ClInclude Include="include\systems\TransformHierarchySystem.h">
      <Filter>include\components</Filter>
    </ClInclude>
    <ClInclude Include="include\samples\TransformHierarchySamples.h">
      <Filter>include\samples</Filter>
    </ClInclude>
  </ItemGroup>
  <ItemGroup>
    <None Include="Assets\Textures\test.png">
      <Filter>Assets\Textures</Filter>
    </None>
    <None Include=".github\ISSUE_TEMPLATE\01_task.yml">
      <Filter>.github\ISSUE_TEMPLATE</Filter>
    </None>
    <None Include=".github\ISSUE_TEMPLATE\02_bug.yml">
      <Filter>.github\ISSUE_TEMPLATE</Filter>
    </None>
    <None Include=".github\workflows\add_to_project.yml">
      <Filter>.github\workflows</Filter>
    </None>
    <None Include=".github\workflows\apply_labels_on_title.yml">
      <Filter>.github\workflows</Filter>
    </None>
    <None Include=".github\workflows\build.yml">
      <Filter>.github\workflows</Filter>
    </None>
    <None Include=".github\workflows\close_to_done.yml">
      <Filter>.github\workflows</Filter>
    </None>
    <None Include=".github\ISSUE_TEMPLATE\config.yml">
      <Filter>.github\ISSUE_TEMPLATE</Filter>
    </None>
    <None Include=".github\workflows\auto_ready_on_start.yml">
      <Filter>.github\workflows</Filter>
    </None>
    <None Include=".github\workflows\notify_inprogress_digest.yml">
      <Filter>.github\workflows</Filter>
    </None>
    <None Include=".github\workflows\add_to_project_safe.yml.example">
      <Filter>.github\workflows</Filter>
    </None>
    <None Include=".github\scripts\get_project_fields.sh">
      <Filter>.github\scripts</Filter>
    </None>
    <None Include=".github\scripts\get_project_fields.ps1">
      <Filter>.github\scripts</Filter>
    </None>
    <None Include="docs\GamepadSystem_README.md">
      <Filter>docs</Filter>
    </None>
    <None Include="docs\ChargeSystem_Guide.md">
      <Filter>docs</Filter>
    </None>
    <None Include="docs\RealtimeCharge_Guide.md">
      <Filter>docs</Filter>
    </None>
    <None Include="docs\ChargeSystem_QuickRef.md">
      <Filter>docs</Filter>
    </None>
    <None Include="docs\DebugDraw_Improvements.md">
      <Filter>docs</Filter>
    </None>
    <None Include="docs\RenderSystem_Improvements.md">
      <Filter>docs</Filter>
    </None>
    <None Include="docs\Collision_Event_System.md">
      <Filter>docs</Filter>
    </None>
    <None Include="docs\Collision_System_Guide.md">
      <Filter>docs</Filter>
    </None>
    <None Include="README.md">
      <Filter>docs</Filter>
    </None>
    <None Include="docs\UI_System_Guide.md">
      <Filter>docs</Filter>
    </None>
    <None Include="docs\Transform_Hierarchy_Guide.md">
      <Filter>docs</Filter>
    </None>
  </ItemGroup>
  <ItemGroup>
    <Text Include="x64\Debug\debug_log.txt">
      <Filter>x64\Debug</Filter>
    </Text>
    <Text Include="debug_log.txt">
      <Filter>docs</Filter>
    </Text>
  </ItemGroup>
</Project>