<?xml version="1.0" encoding="utf-8"?>
<Project ToolsVersion="4.0" xmlns="http://schemas.microsoft.com/developer/msbuild/2003">
  <ItemGroup>
    <Filter Include="Source Files">
      <UniqueIdentifier>{4FC737F1-C7A5-4376-A066-2A32D752A2FF}</UniqueIdentifier>
      <Extensions>cpp;c;cc;cxx;c++;cppm;ixx;def;odl;idl;hpj;bat;asm;asmx</Extensions>
    </Filter>
    <Filter Include="Header Files">
      <UniqueIdentifier>{93995380-89BD-4B04-88EB-625FBE52EBFB}</UniqueIdentifier>
      <Extensions>h;hh;hpp;hxx;h++;hm;inl;inc;ipp;xsd</Extensions>
    </Filter>
    <Filter Include="Resource Files">
      <UniqueIdentifier>{67DA6AB6-F800-4C08-8B7A-83BB121AAD01}</UniqueIdentifier>
      <Extensions>rc;ico;cur;bmp;dlg;rc2;rct;bin;rgs;gif;jpg;jpeg;jpe;resx;tiff;tif;png;wav;mfcribbon-ms</Extensions>
    </Filter>
    <Filter Include="Header Files\animation">
      <UniqueIdentifier>{6C02E58D-118E-4AD8-A4CB-B4998CE272EF}</UniqueIdentifier>
    </Filter>
    <Filter Include="Header Files\app">
      <UniqueIdentifier>{4E4574A5-79F0-42C3-B0C2-6A7B287A05F4}</UniqueIdentifier>
    </Filter>
    <Filter Include="Header Files\components">
      <UniqueIdentifier>{F20F8A18-1895-4CF9-A246-55FCB41D8E8B}</UniqueIdentifier>
    </Filter>
    <Filter Include="Header Files\ecs">
      <UniqueIdentifier>{CF119869-D9B5-4CEE-AC57-8F2916902656}</UniqueIdentifier>
    </Filter>
    <Filter Include="Header Files\graphics">
      <UniqueIdentifier>{B2C84B35-8E2E-4007-A11A-1D0072F493E1}</UniqueIdentifier>
    </Filter>
    <Filter Include="Header Files\input">
      <UniqueIdentifier>{23A457EE-F0EB-4ACA-9B96-46B21E79B74B}</UniqueIdentifier>
    </Filter>
    <Filter Include="Header Files\samples">
      <UniqueIdentifier>{A2C2B9AF-7070-4A6C-B3F7-93546F5667F8}</UniqueIdentifier>
    </Filter>
    <Filter Include="Header Files\scenes">
      <UniqueIdentifier>{FE71C870-7A55-44D0-A1F1-0A5C6F41A8F0}</UniqueIdentifier>
    </Filter>
    <Filter Include="Resource Files\Textures">
      <UniqueIdentifier>{8F3F15E1-AB94-46AE-A8AB-A98379591942}</UniqueIdentifier>
    </Filter>
    <Filter Include="Resource Files\Docs">
      <UniqueIdentifier>{FAB09F50-23FD-4D0A-ADCE-E2667FF38152}</UniqueIdentifier>
    </Filter>
    <Filter Include="Logs">
      <UniqueIdentifier>{EBBA4568-60D7-4969-9639-EBA43D3BC05F}</UniqueIdentifier>
    </Filter>
    <Filter Include="yml">
      <UniqueIdentifier>{baa0ee2b-b277-4f5f-a364-a9c9fffb415f}</UniqueIdentifier>
    </Filter>
  </ItemGroup>
  <ItemGroup>
    <ClCompile Include="src\main.cpp">
      <Filter>Source Files</Filter>
    </ClCompile>
    <ClCompile Include="src\pch.cpp">
      <Filter>Source Files</Filter>
    </ClCompile>
  </ItemGroup>
  <ItemGroup>
    <ClInclude Include="include\animation\Animation.h">
      <Filter>Header Files\animation</Filter>
    </ClInclude>
    <ClInclude Include="include\app\App.h">
      <Filter>Header Files\app</Filter>
    </ClInclude>
    <ClInclude Include="include\app\DebugLog.h">
      <Filter>Header Files\app</Filter>
    </ClInclude>
    <ClInclude Include="include\components\Component.h">
      <Filter>Header Files\components</Filter>
    </ClInclude>
    <ClInclude Include="include\components\MeshRenderer.h">
      <Filter>Header Files\components</Filter>
    </ClInclude>
    <ClInclude Include="include\components\Rotator.h">
      <Filter>Header Files\components</Filter>
    </ClInclude>
    <ClInclude Include="include\components\Transform.h">
      <Filter>Header Files\components</Filter>
    </ClInclude>
    <ClInclude Include="include\ecs\Entity.h">
      <Filter>Header Files\ecs</Filter>
    </ClInclude>
    <ClInclude Include="include\ecs\World.h">
      <Filter>Header Files\ecs</Filter>
    </ClInclude>
    <ClInclude Include="include\graphics\Camera.h">
      <Filter>Header Files\graphics</Filter>
    </ClInclude>
    <ClInclude Include="include\graphics\DebugDraw.h">
      <Filter>Header Files\graphics</Filter>
    </ClInclude>
    <ClInclude Include="include\graphics\GfxDevice.h">
      <Filter>Header Files\graphics</Filter>
    </ClInclude>
    <ClInclude Include="include\graphics\RenderSystem.h">
      <Filter>Header Files\graphics</Filter>
    </ClInclude>
    <ClInclude Include="include\graphics\TextureManager.h">
      <Filter>Header Files\graphics</Filter>
    </ClInclude>
    <ClInclude Include="include\graphics\VideoPlayer.h">
      <Filter>Header Files\graphics</Filter>
    </ClInclude>
    <ClInclude Include="include\input\InputSystem.h">
      <Filter>Header Files\input</Filter>
    </ClInclude>
    <ClInclude Include="include\pch.h">
      <Filter>Header Files</Filter>
    </ClInclude>
    <ClInclude Include="include\samples\ComponentSamples.h">
      <Filter>Header Files\samples</Filter>
    </ClInclude>
    <ClInclude Include="include\samples\WorldImprovementDemo.h">
      <Filter>Header Files\samples</Filter>
    </ClInclude>
    <ClInclude Include="include\scenes\MainGame.h">
      <Filter>Header Files\scenes</Filter>
    </ClInclude>
    <ClInclude Include="include\scenes\SceneManager.h">
      <Filter>Header Files\scenes</Filter>
    </ClInclude>
    <ClInclude Include="include\gameplay\EnemySpawner.h">
      <Filter>Header Files\components</Filter>
    </ClInclude>
    <ClInclude Include="include\util\Random.h">
      <Filter>Header Files</Filter>
    </ClInclude>
    <ClInclude Include="include\scenes\Tags.h">
      <Filter>Header Files\scenes</Filter>
    </ClInclude>
  </ItemGroup>
  <ItemGroup>
    <None Include="README.md">
      <Filter>Resource Files\Docs</Filter>
    </None>
    <None Include="Assets\Textures\test.png">
      <Filter>Resource Files\Textures</Filter>
    </None>
    <None Include=".github\ISSUE_TEMPLATE\01_task.yml">
      <Filter>yml</Filter>
    </None>
    <None Include=".github\ISSUE_TEMPLATE\02_bug.yml">
      <Filter>yml</Filter>
    </None>
    <None Include=".github\workflows\add_to_project.yml">
      <Filter>yml</Filter>
    </None>
    <None Include=".github\workflows\apply_labels_on_title.yml">
      <Filter>yml</Filter>
    </None>
    <None Include=".github\workflows\build.yml">
      <Filter>yml</Filter>
    </None>
    <None Include=".github\workflows\close_to_done.yml">
      <Filter>yml</Filter>
    </None>
    <None Include=".github\ISSUE_TEMPLATE\config.yml">
      <Filter>yml</Filter>
    </None>
    <None Include=".github\workflows\add_to_project_safe.yml.example" />
    <None Include=".github\scripts\get_project_fields.sh" />
    <None Include=".github\scripts\get_project_fields.ps1" />
    <None Include=".github\docs\PROJECT_AUTOMATION_SETUP.md" />
    <None Include="QUICKSTART_PROJECT_AUTOMATION.md" />
    <None Include=".github\docs\FIX_SUMMARY.md" />
    <None Include=".github\workflows\auto_ready_on_start.yml">
      <Filter>yml</Filter>
    </None>
    <None Include=".github\workflows\notify_inprogress_digest.yml">
      <Filter>yml</Filter>
    </None>
  </ItemGroup>
  <ItemGroup>
    <Text Include="x64\Debug\debug_log.txt">
      <Filter>Logs</Filter>
    </Text>
  </ItemGroup>
</Project>